{
  "name": "tuijs-event",
  "version": "0.1.1",
  "lockfileVersion": 3,
  "requires": true,
  "packages": {
    "": {
      "name": "tuijs-event",
      "version": "0.1.1",
      "license": "MIT",
      "dependencies": {
        "tuijs-util": "^1.3.6"
      }
    },
    "node_modules/tuijs-util": {
      "version": "1.3.6",
      "resolved": "https://registry.npmjs.org/tuijs-util/-/tuijs-util-1.3.6.tgz",
      "integrity": "sha512-snYHhF3LZuw6z4PAWEHQDSEgSRH292QC+iEidxHaA6DQzWubS581K5G6DPAun1Ce8SjVYt+kETKN81k2WYI8/A==",
      "license": "MIT"
    }
  }
}
